// !$*UTF8*$!
{
	archiveVersion = 1;
	classes = {
	};
	objectVersion = 56;
	objects = {

/* Begin PBXBuildFile section */
		BC420C282A435F09009D6E67 /* AppDelegate.swift in Sources */ = {isa = PBXBuildFile; fileRef = BC420C272A435F09009D6E67 /* AppDelegate.swift */; };
		BC420C2A2A435F09009D6E67 /* SceneDelegate.swift in Sources */ = {isa = PBXBuildFile; fileRef = BC420C292A435F09009D6E67 /* SceneDelegate.swift */; };
		BC420C312A435F0A009D6E67 /* Assets.xcassets in Resources */ = {isa = PBXBuildFile; fileRef = BC420C302A435F0A009D6E67 /* Assets.xcassets */; };
		BC420C342A435F0A009D6E67 /* LaunchScreen.storyboard in Resources */ = {isa = PBXBuildFile; fileRef = BC420C322A435F0A009D6E67 /* LaunchScreen.storyboard */; };
		BC420C462A4364AF009D6E67 /* ViewCoding.swift in Sources */ = {isa = PBXBuildFile; fileRef = BC420C452A4364AF009D6E67 /* ViewCoding.swift */; };
		BC420C542A43CDAC009D6E67 /* FirebaseAuth in Frameworks */ = {isa = PBXBuildFile; productRef = BC420C532A43CDAC009D6E67 /* FirebaseAuth */; };
		BC420C562A43D168009D6E67 /* GoogleService-Info.plist in Resources */ = {isa = PBXBuildFile; fileRef = BC420C552A43D168009D6E67 /* GoogleService-Info.plist */; };
		BC5407722A451109001EF32B /* SignInView.swift in Sources */ = {isa = PBXBuildFile; fileRef = BC5407712A451109001EF32B /* SignInView.swift */; };
		BC5407742A4511AB001EF32B /* SignInViewController.swift in Sources */ = {isa = PBXBuildFile; fileRef = BC5407732A4511AB001EF32B /* SignInViewController.swift */; };
		BC5407762A4511E5001EF32B /* SignInViewModel.swift in Sources */ = {isa = PBXBuildFile; fileRef = BC5407752A4511E5001EF32B /* SignInViewModel.swift */; };
		BC5407792A4513D6001EF32B /* SignUpView.swift in Sources */ = {isa = PBXBuildFile; fileRef = BC5407782A4513D6001EF32B /* SignUpView.swift */; };
		BC54077B2A4514EC001EF32B /* SignUpViewController.swift in Sources */ = {isa = PBXBuildFile; fileRef = BC54077A2A4514EC001EF32B /* SignUpViewController.swift */; };
		BC54077D2A451C1C001EF32B /* SignUpViewModel.swift in Sources */ = {isa = PBXBuildFile; fileRef = BC54077C2A451C1C001EF32B /* SignUpViewModel.swift */; };
		BC6B46F32A4D1BBE0017DF8C /* FirebaseAuthService.swift in Sources */ = {isa = PBXBuildFile; fileRef = BC6B46F22A4D1BBE0017DF8C /* FirebaseAuthService.swift */; };
		BCA279362A925AB100A3E40A /* LoginAuthProtocol.swift in Sources */ = {isa = PBXBuildFile; fileRef = BCA279352A925AB000A3E40A /* LoginAuthProtocol.swift */; };
		BCA279392A925F0600A3E40A /* User.swift in Sources */ = {isa = PBXBuildFile; fileRef = BCA279382A925F0600A3E40A /* User.swift */; };
		BCA2793B2A92628600A3E40A /* LoginFirebaseService.swift in Sources */ = {isa = PBXBuildFile; fileRef = BCA2793A2A92628600A3E40A /* LoginFirebaseService.swift */; };
		BCA2793F2A9267F700A3E40A /* FirebaseAuthProtocol.swift in Sources */ = {isa = PBXBuildFile; fileRef = BCA2793E2A9267F700A3E40A /* FirebaseAuthProtocol.swift */; };
		BCA279422A92685100A3E40A /* LoginFacebookService.swift in Sources */ = {isa = PBXBuildFile; fileRef = BCA279412A92685100A3E40A /* LoginFacebookService.swift */; };
		BCA279452A92691B00A3E40A /* LoginGoogleService.swift in Sources */ = {isa = PBXBuildFile; fileRef = BCA279442A92691B00A3E40A /* LoginGoogleService.swift */; };
		BCA279472A92695400A3E40A /* SignInFactory.swift in Sources */ = {isa = PBXBuildFile; fileRef = BCA279462A92695400A3E40A /* SignInFactory.swift */; };
		BCFDD09D2A54FDA500B9097F /* FirebaseMock.swift in Sources */ = {isa = PBXBuildFile; fileRef = BCFDD09C2A54FDA500B9097F /* FirebaseMock.swift */; };
/* End PBXBuildFile section */

/* Begin PBXFileReference section */
		BC420C242A435F09009D6E67 /* AbstractionApp.app */ = {isa = PBXFileReference; explicitFileType = wrapper.application; includeInIndex = 0; path = AbstractionApp.app; sourceTree = BUILT_PRODUCTS_DIR; };
		BC420C272A435F09009D6E67 /* AppDelegate.swift */ = {isa = PBXFileReference; lastKnownFileType = sourcecode.swift; path = AppDelegate.swift; sourceTree = "<group>"; };
		BC420C292A435F09009D6E67 /* SceneDelegate.swift */ = {isa = PBXFileReference; lastKnownFileType = sourcecode.swift; path = SceneDelegate.swift; sourceTree = "<group>"; };
		BC420C302A435F0A009D6E67 /* Assets.xcassets */ = {isa = PBXFileReference; lastKnownFileType = folder.assetcatalog; path = Assets.xcassets; sourceTree = "<group>"; };
		BC420C332A435F0A009D6E67 /* Base */ = {isa = PBXFileReference; lastKnownFileType = file.storyboard; name = Base; path = Base.lproj/LaunchScreen.storyboard; sourceTree = "<group>"; };
		BC420C352A435F0A009D6E67 /* Info.plist */ = {isa = PBXFileReference; lastKnownFileType = text.plist.xml; path = Info.plist; sourceTree = "<group>"; };
		BC420C452A4364AF009D6E67 /* ViewCoding.swift */ = {isa = PBXFileReference; lastKnownFileType = sourcecode.swift; path = ViewCoding.swift; sourceTree = "<group>"; };
		BC420C552A43D168009D6E67 /* GoogleService-Info.plist */ = {isa = PBXFileReference; fileEncoding = 4; lastKnownFileType = text.plist.xml; path = "GoogleService-Info.plist"; sourceTree = "<group>"; };
		BC5407712A451109001EF32B /* SignInView.swift */ = {isa = PBXFileReference; lastKnownFileType = sourcecode.swift; path = SignInView.swift; sourceTree = "<group>"; };
		BC5407732A4511AB001EF32B /* SignInViewController.swift */ = {isa = PBXFileReference; lastKnownFileType = sourcecode.swift; path = SignInViewController.swift; sourceTree = "<group>"; };
		BC5407752A4511E5001EF32B /* SignInViewModel.swift */ = {isa = PBXFileReference; lastKnownFileType = sourcecode.swift; path = SignInViewModel.swift; sourceTree = "<group>"; };
		BC5407782A4513D6001EF32B /* SignUpView.swift */ = {isa = PBXFileReference; lastKnownFileType = sourcecode.swift; path = SignUpView.swift; sourceTree = "<group>"; };
		BC54077A2A4514EC001EF32B /* SignUpViewController.swift */ = {isa = PBXFileReference; lastKnownFileType = sourcecode.swift; path = SignUpViewController.swift; sourceTree = "<group>"; };
		BC54077C2A451C1C001EF32B /* SignUpViewModel.swift */ = {isa = PBXFileReference; lastKnownFileType = sourcecode.swift; path = SignUpViewModel.swift; sourceTree = "<group>"; };
		BC6B46F22A4D1BBE0017DF8C /* FirebaseAuthService.swift */ = {isa = PBXFileReference; lastKnownFileType = sourcecode.swift; path = FirebaseAuthService.swift; sourceTree = "<group>"; };
		BCA279352A925AB000A3E40A /* LoginAuthProtocol.swift */ = {isa = PBXFileReference; lastKnownFileType = sourcecode.swift; path = LoginAuthProtocol.swift; sourceTree = "<group>"; };
		BCA279382A925F0600A3E40A /* User.swift */ = {isa = PBXFileReference; lastKnownFileType = sourcecode.swift; path = User.swift; sourceTree = "<group>"; };
		BCA2793A2A92628600A3E40A /* LoginFirebaseService.swift */ = {isa = PBXFileReference; lastKnownFileType = sourcecode.swift; path = LoginFirebaseService.swift; sourceTree = "<group>"; };
		BCA2793E2A9267F700A3E40A /* FirebaseAuthProtocol.swift */ = {isa = PBXFileReference; lastKnownFileType = sourcecode.swift; path = FirebaseAuthProtocol.swift; sourceTree = "<group>"; };
		BCA279412A92685100A3E40A /* LoginFacebookService.swift */ = {isa = PBXFileReference; lastKnownFileType = sourcecode.swift; path = LoginFacebookService.swift; sourceTree = "<group>"; };
		BCA279442A92691B00A3E40A /* LoginGoogleService.swift */ = {isa = PBXFileReference; lastKnownFileType = sourcecode.swift; path = LoginGoogleService.swift; sourceTree = "<group>"; };
		BCA279462A92695400A3E40A /* SignInFactory.swift */ = {isa = PBXFileReference; lastKnownFileType = sourcecode.swift; path = SignInFactory.swift; sourceTree = "<group>"; };
		BCFDD09C2A54FDA500B9097F /* FirebaseMock.swift */ = {isa = PBXFileReference; lastKnownFileType = sourcecode.swift; path = FirebaseMock.swift; sourceTree = "<group>"; };
/* End PBXFileReference section */

/* Begin PBXFrameworksBuildPhase section */
		BC420C212A435F09009D6E67 /* Frameworks */ = {
			isa = PBXFrameworksBuildPhase;
			buildActionMask = 2147483647;
			files = (
				BC420C542A43CDAC009D6E67 /* FirebaseAuth in Frameworks */,
			);
			runOnlyForDeploymentPostprocessing = 0;
		};
/* End PBXFrameworksBuildPhase section */

/* Begin PBXGroup section */
		BC420C1B2A435F09009D6E67 = {
			isa = PBXGroup;
			children = (
				BC420C262A435F09009D6E67 /* AbstractionApp */,
				BC420C252A435F09009D6E67 /* Products */,
			);
			sourceTree = "<group>";
		};
		BC420C252A435F09009D6E67 /* Products */ = {
			isa = PBXGroup;
			children = (
				BC420C242A435F09009D6E67 /* AbstractionApp.app */,
			);
			name = Products;
			sourceTree = "<group>";
		};
		BC420C262A435F09009D6E67 /* AbstractionApp */ = {
			isa = PBXGroup;
			children = (
				BC420C3B2A436068009D6E67 /* AppDelegate */,
				BC420C3C2A4360E6009D6E67 /* Resources */,
				BC420C3D2A436153009D6E67 /* Scenes */,
				BC420C442A43645E009D6E67 /* Utils */,
			);
			path = AbstractionApp;
			sourceTree = "<group>";
		};
		BC420C3B2A436068009D6E67 /* AppDelegate */ = {
			isa = PBXGroup;
			children = (
				BC420C272A435F09009D6E67 /* AppDelegate.swift */,
				BC420C292A435F09009D6E67 /* SceneDelegate.swift */,
			);
			path = AppDelegate;
			sourceTree = "<group>";
		};
		BC420C3C2A4360E6009D6E67 /* Resources */ = {
			isa = PBXGroup;
			children = (
				BC420C302A435F0A009D6E67 /* Assets.xcassets */,
				BC420C552A43D168009D6E67 /* GoogleService-Info.plist */,
				BC420C352A435F0A009D6E67 /* Info.plist */,
				BC420C322A435F0A009D6E67 /* LaunchScreen.storyboard */,
			);
			path = Resources;
			sourceTree = "<group>";
		};
		BC420C3D2A436153009D6E67 /* Scenes */ = {
			isa = PBXGroup;
			children = (
				BCA279372A925EEB00A3E40A /* Model */,
				BC6B46F12A4D1BA20017DF8C /* Service */,
				BC5407702A4510F7001EF32B /* SignIn */,
				BC5407772A4513BE001EF32B /* SignUp */,
			);
			path = Scenes;
			sourceTree = "<group>";
		};
		BC420C442A43645E009D6E67 /* Utils */ = {
			isa = PBXGroup;
			children = (
				BC420C452A4364AF009D6E67 /* ViewCoding.swift */,
			);
			path = Utils;
			sourceTree = "<group>";
		};
		BC5407702A4510F7001EF32B /* SignIn */ = {
			isa = PBXGroup;
			children = (
				BCA279462A92695400A3E40A /* SignInFactory.swift */,
				BC5407712A451109001EF32B /* SignInView.swift */,
				BC5407732A4511AB001EF32B /* SignInViewController.swift */,
				BC5407752A4511E5001EF32B /* SignInViewModel.swift */,
			);
			path = SignIn;
			sourceTree = "<group>";
		};
		BC5407772A4513BE001EF32B /* SignUp */ = {
			isa = PBXGroup;
			children = (
				BC5407782A4513D6001EF32B /* SignUpView.swift */,
				BC54077A2A4514EC001EF32B /* SignUpViewController.swift */,
				BC54077C2A451C1C001EF32B /* SignUpViewModel.swift */,
			);
			path = SignUp;
			sourceTree = "<group>";
		};
		BC6B46F12A4D1BA20017DF8C /* Service */ = {
			isa = PBXGroup;
			children = (
				BCA2793C2A92630F00A3E40A /* Protocol */,
				BCA279402A92682D00A3E40A /* Facebook */,
				BCA279342A925A9600A3E40A /* Firebase */,
				BCA279432A92690900A3E40A /* Google */,
			);
			path = Service;
			sourceTree = "<group>";
		};
		BCA279342A925A9600A3E40A /* Firebase */ = {
			isa = PBXGroup;
			children = (
				BC6B46F22A4D1BBE0017DF8C /* FirebaseAuthService.swift */,
				BCA2793A2A92628600A3E40A /* LoginFirebaseService.swift */,
				BCFDD09C2A54FDA500B9097F /* FirebaseMock.swift */,
			);
			path = Firebase;
			sourceTree = "<group>";
		};
		BCA279372A925EEB00A3E40A /* Model */ = {
			isa = PBXGroup;
			children = (
				BCA279382A925F0600A3E40A /* User.swift */,
			);
			path = Model;
			sourceTree = "<group>";
		};
		BCA2793C2A92630F00A3E40A /* Protocol */ = {
			isa = PBXGroup;
			children = (
				BCA279352A925AB000A3E40A /* LoginAuthProtocol.swift */,
				BCA2793E2A9267F700A3E40A /* FirebaseAuthProtocol.swift */,
			);
			path = Protocol;
			sourceTree = "<group>";
		};
		BCA279402A92682D00A3E40A /* Facebook */ = {
			isa = PBXGroup;
			children = (
				BCA279412A92685100A3E40A /* LoginFacebookService.swift */,
			);
			path = Facebook;
			sourceTree = "<group>";
		};
		BCA279432A92690900A3E40A /* Google */ = {
			isa = PBXGroup;
			children = (
				BCA279442A92691B00A3E40A /* LoginGoogleService.swift */,
			);
			path = Google;
			sourceTree = "<group>";
		};
/* End PBXGroup section */

/* Begin PBXNativeTarget section */
		BC420C232A435F09009D6E67 /* AbstractionApp */ = {
			isa = PBXNativeTarget;
			buildConfigurationList = BC420C382A435F0A009D6E67 /* Build configuration list for PBXNativeTarget "AbstractionApp" */;
			buildPhases = (
				BC420C202A435F09009D6E67 /* Sources */,
				BC420C212A435F09009D6E67 /* Frameworks */,
				BC420C222A435F09009D6E67 /* Resources */,
			);
			buildRules = (
			);
			dependencies = (
			);
			name = AbstractionApp;
			packageProductDependencies = (
				BC420C532A43CDAC009D6E67 /* FirebaseAuth */,
			);
			productName = AbstractionApp;
			productReference = BC420C242A435F09009D6E67 /* AbstractionApp.app */;
			productType = "com.apple.product-type.application";
		};
/* End PBXNativeTarget section */

/* Begin PBXProject section */
		BC420C1C2A435F09009D6E67 /* Project object */ = {
			isa = PBXProject;
			attributes = {
				BuildIndependentTargetsInParallel = 1;
				LastSwiftUpdateCheck = 1420;
				LastUpgradeCheck = 1420;
				TargetAttributes = {
					BC420C232A435F09009D6E67 = {
						CreatedOnToolsVersion = 14.2;
					};
				};
			};
			buildConfigurationList = BC420C1F2A435F09009D6E67 /* Build configuration list for PBXProject "AbstractionApp" */;
			compatibilityVersion = "Xcode 14.0";
			developmentRegion = en;
			hasScannedForEncodings = 0;
			knownRegions = (
				en,
				Base,
			);
			mainGroup = BC420C1B2A435F09009D6E67;
			packageReferences = (
				BC420C522A43CDAC009D6E67 /* XCRemoteSwiftPackageReference "firebase-ios-sdk" */,
			);
			productRefGroup = BC420C252A435F09009D6E67 /* Products */;
			projectDirPath = "";
			projectRoot = "";
			targets = (
				BC420C232A435F09009D6E67 /* AbstractionApp */,
			);
		};
/* End PBXProject section */

/* Begin PBXResourcesBuildPhase section */
		BC420C222A435F09009D6E67 /* Resources */ = {
			isa = PBXResourcesBuildPhase;
			buildActionMask = 2147483647;
			files = (
				BC420C342A435F0A009D6E67 /* LaunchScreen.storyboard in Resources */,
				BC420C312A435F0A009D6E67 /* Assets.xcassets in Resources */,
				BC420C562A43D168009D6E67 /* GoogleService-Info.plist in Resources */,
			);
			runOnlyForDeploymentPostprocessing = 0;
		};
/* End PBXResourcesBuildPhase section */

/* Begin PBXSourcesBuildPhase section */
		BC420C202A435F09009D6E67 /* Sources */ = {
			isa = PBXSourcesBuildPhase;
			buildActionMask = 2147483647;
			files = (
				BCA279392A925F0600A3E40A /* User.swift in Sources */,
				BC6B46F32A4D1BBE0017DF8C /* FirebaseAuthService.swift in Sources */,
				BC420C282A435F09009D6E67 /* AppDelegate.swift in Sources */,
				BC420C2A2A435F09009D6E67 /* SceneDelegate.swift in Sources */,
				BC54077B2A4514EC001EF32B /* SignUpViewController.swift in Sources */,
				BC5407762A4511E5001EF32B /* SignInViewModel.swift in Sources */,
				BC54077D2A451C1C001EF32B /* SignUpViewModel.swift in Sources */,
				BC5407792A4513D6001EF32B /* SignUpView.swift in Sources */,
				BC5407722A451109001EF32B /* SignInView.swift in Sources */,
				BCA279422A92685100A3E40A /* LoginFacebookService.swift in Sources */,
				BC5407742A4511AB001EF32B /* SignInViewController.swift in Sources */,
				BCA2793F2A9267F700A3E40A /* FirebaseAuthProtocol.swift in Sources */,
				BCA279362A925AB100A3E40A /* LoginAuthProtocol.swift in Sources */,
				BC420C462A4364AF009D6E67 /* ViewCoding.swift in Sources */,
				BCA2793B2A92628600A3E40A /* LoginFirebaseService.swift in Sources */,
				BCA279452A92691B00A3E40A /* LoginGoogleService.swift in Sources */,
				BCA279472A92695400A3E40A /* SignInFactory.swift in Sources */,
				BCFDD09D2A54FDA500B9097F /* FirebaseMock.swift in Sources */,
			);
			runOnlyForDeploymentPostprocessing = 0;
		};
/* End PBXSourcesBuildPhase section */

/* Begin PBXVariantGroup section */
		BC420C322A435F0A009D6E67 /* LaunchScreen.storyboard */ = {
			isa = PBXVariantGroup;
			children = (
				BC420C332A435F0A009D6E67 /* Base */,
			);
			name = LaunchScreen.storyboard;
			sourceTree = "<group>";
		};
/* End PBXVariantGroup section */

/* Begin XCBuildConfiguration section */
		BC420C362A435F0A009D6E67 /* Debug */ = {
			isa = XCBuildConfiguration;
			buildSettings = {
				ALWAYS_SEARCH_USER_PATHS = NO;
				CLANG_ANALYZER_NONNULL = YES;
				CLANG_ANALYZER_NUMBER_OBJECT_CONVERSION = YES_AGGRESSIVE;
				CLANG_CXX_LANGUAGE_STANDARD = "gnu++20";
				CLANG_ENABLE_MODULES = YES;
				CLANG_ENABLE_OBJC_ARC = YES;
				CLANG_ENABLE_OBJC_WEAK = YES;
				CLANG_WARN_BLOCK_CAPTURE_AUTORELEASING = YES;
				CLANG_WARN_BOOL_CONVERSION = YES;
				CLANG_WARN_COMMA = YES;
				CLANG_WARN_CONSTANT_CONVERSION = YES;
				CLANG_WARN_DEPRECATED_OBJC_IMPLEMENTATIONS = YES;
				CLANG_WARN_DIRECT_OBJC_ISA_USAGE = YES_ERROR;
				CLANG_WARN_DOCUMENTATION_COMMENTS = YES;
				CLANG_WARN_EMPTY_BODY = YES;
				CLANG_WARN_ENUM_CONVERSION = YES;
				CLANG_WARN_INFINITE_RECURSION = YES;
				CLANG_WARN_INT_CONVERSION = YES;
				CLANG_WARN_NON_LITERAL_NULL_CONVERSION = YES;
				CLANG_WARN_OBJC_IMPLICIT_RETAIN_SELF = YES;
				CLANG_WARN_OBJC_LITERAL_CONVERSION = YES;
				CLANG_WARN_OBJC_ROOT_CLASS = YES_ERROR;
				CLANG_WARN_QUOTED_INCLUDE_IN_FRAMEWORK_HEADER = YES;
				CLANG_WARN_RANGE_LOOP_ANALYSIS = YES;
				CLANG_WARN_STRICT_PROTOTYPES = YES;
				CLANG_WARN_SUSPICIOUS_MOVE = YES;
				CLANG_WARN_UNGUARDED_AVAILABILITY = YES_AGGRESSIVE;
				CLANG_WARN_UNREACHABLE_CODE = YES;
				CLANG_WARN__DUPLICATE_METHOD_MATCH = YES;
				COPY_PHASE_STRIP = NO;
				DEBUG_INFORMATION_FORMAT = dwarf;
				ENABLE_STRICT_OBJC_MSGSEND = YES;
				ENABLE_TESTABILITY = YES;
				GCC_C_LANGUAGE_STANDARD = gnu11;
				GCC_DYNAMIC_NO_PIC = NO;
				GCC_NO_COMMON_BLOCKS = YES;
				GCC_OPTIMIZATION_LEVEL = 0;
				GCC_PREPROCESSOR_DEFINITIONS = (
					"DEBUG=1",
					"$(inherited)",
				);
				GCC_WARN_64_TO_32_BIT_CONVERSION = YES;
				GCC_WARN_ABOUT_RETURN_TYPE = YES_ERROR;
				GCC_WARN_UNDECLARED_SELECTOR = YES;
				GCC_WARN_UNINITIALIZED_AUTOS = YES_AGGRESSIVE;
				GCC_WARN_UNUSED_FUNCTION = YES;
				GCC_WARN_UNUSED_VARIABLE = YES;
				IPHONEOS_DEPLOYMENT_TARGET = 16.0;
				MTL_ENABLE_DEBUG_INFO = INCLUDE_SOURCE;
				MTL_FAST_MATH = YES;
				ONLY_ACTIVE_ARCH = YES;
				SDKROOT = iphoneos;
				SWIFT_ACTIVE_COMPILATION_CONDITIONS = DEBUG;
				SWIFT_OPTIMIZATION_LEVEL = "-Onone";
			};
			name = Debug;
		};
		BC420C372A435F0A009D6E67 /* Release */ = {
			isa = XCBuildConfiguration;
			buildSettings = {
				ALWAYS_SEARCH_USER_PATHS = NO;
				CLANG_ANALYZER_NONNULL = YES;
				CLANG_ANALYZER_NUMBER_OBJECT_CONVERSION = YES_AGGRESSIVE;
				CLANG_CXX_LANGUAGE_STANDARD = "gnu++20";
				CLANG_ENABLE_MODULES = YES;
				CLANG_ENABLE_OBJC_ARC = YES;
				CLANG_ENABLE_OBJC_WEAK = YES;
				CLANG_WARN_BLOCK_CAPTURE_AUTORELEASING = YES;
				CLANG_WARN_BOOL_CONVERSION = YES;
				CLANG_WARN_COMMA = YES;
				CLANG_WARN_CONSTANT_CONVERSION = YES;
				CLANG_WARN_DEPRECATED_OBJC_IMPLEMENTATIONS = YES;
				CLANG_WARN_DIRECT_OBJC_ISA_USAGE = YES_ERROR;
				CLANG_WARN_DOCUMENTATION_COMMENTS = YES;
				CLANG_WARN_EMPTY_BODY = YES;
				CLANG_WARN_ENUM_CONVERSION = YES;
				CLANG_WARN_INFINITE_RECURSION = YES;
				CLANG_WARN_INT_CONVERSION = YES;
				CLANG_WARN_NON_LITERAL_NULL_CONVERSION = YES;
				CLANG_WARN_OBJC_IMPLICIT_RETAIN_SELF = YES;
				CLANG_WARN_OBJC_LITERAL_CONVERSION = YES;
				CLANG_WARN_OBJC_ROOT_CLASS = YES_ERROR;
				CLANG_WARN_QUOTED_INCLUDE_IN_FRAMEWORK_HEADER = YES;
				CLANG_WARN_RANGE_LOOP_ANALYSIS = YES;
				CLANG_WARN_STRICT_PROTOTYPES = YES;
				CLANG_WARN_SUSPICIOUS_MOVE = YES;
				CLANG_WARN_UNGUARDED_AVAILABILITY = YES_AGGRESSIVE;
				CLANG_WARN_UNREACHABLE_CODE = YES;
				CLANG_WARN__DUPLICATE_METHOD_MATCH = YES;
				COPY_PHASE_STRIP = NO;
				DEBUG_INFORMATION_FORMAT = "dwarf-with-dsym";
				ENABLE_NS_ASSERTIONS = NO;
				ENABLE_STRICT_OBJC_MSGSEND = YES;
				GCC_C_LANGUAGE_STANDARD = gnu11;
				GCC_NO_COMMON_BLOCKS = YES;
				GCC_WARN_64_TO_32_BIT_CONVERSION = YES;
				GCC_WARN_ABOUT_RETURN_TYPE = YES_ERROR;
				GCC_WARN_UNDECLARED_SELECTOR = YES;
				GCC_WARN_UNINITIALIZED_AUTOS = YES_AGGRESSIVE;
				GCC_WARN_UNUSED_FUNCTION = YES;
				GCC_WARN_UNUSED_VARIABLE = YES;
				IPHONEOS_DEPLOYMENT_TARGET = 16.0;
				MTL_ENABLE_DEBUG_INFO = NO;
				MTL_FAST_MATH = YES;
				SDKROOT = iphoneos;
				SWIFT_COMPILATION_MODE = wholemodule;
				SWIFT_OPTIMIZATION_LEVEL = "-O";
				VALIDATE_PRODUCT = YES;
			};
			name = Release;
		};
		BC420C392A435F0A009D6E67 /* Debug */ = {
			isa = XCBuildConfiguration;
			buildSettings = {
				ASSETCATALOG_COMPILER_APPICON_NAME = AppIcon;
				ASSETCATALOG_COMPILER_GLOBAL_ACCENT_COLOR_NAME = AccentColor;
				CODE_SIGN_STYLE = Automatic;
				CURRENT_PROJECT_VERSION = 1;
				DEVELOPMENT_TEAM = 25XCUFMQUU;
				GENERATE_INFOPLIST_FILE = YES;
				INFOPLIST_FILE = AbstractionApp/Resources/Info.plist;
				INFOPLIST_KEY_UIApplicationSupportsIndirectInputEvents = YES;
				INFOPLIST_KEY_UILaunchStoryboardName = LaunchScreen;
				INFOPLIST_KEY_UISupportedInterfaceOrientations_iPad = "UIInterfaceOrientationPortrait UIInterfaceOrientationPortraitUpsideDown UIInterfaceOrientationLandscapeLeft UIInterfaceOrientationLandscapeRight";
				INFOPLIST_KEY_UISupportedInterfaceOrientations_iPhone = "UIInterfaceOrientationPortrait UIInterfaceOrientationLandscapeLeft UIInterfaceOrientationLandscapeRight";
				IPHONEOS_DEPLOYMENT_TARGET = 16.0;
				LD_RUNPATH_SEARCH_PATHS = (
					"$(inherited)",
					"@executable_path/Frameworks",
				);
				MARKETING_VERSION = 1.0;
				PRODUCT_BUNDLE_IDENTIFIER = br.com.alexandrebcardoso.AbstractionApp;
				PRODUCT_NAME = "$(TARGET_NAME)";
				SWIFT_EMIT_LOC_STRINGS = YES;
				SWIFT_VERSION = 5.0;
				TARGETED_DEVICE_FAMILY = "1,2";
			};
			name = Debug;
		};
		BC420C3A2A435F0A009D6E67 /* Release */ = {
			isa = XCBuildConfiguration;
			buildSettings = {
				ASSETCATALOG_COMPILER_APPICON_NAME = AppIcon;
				ASSETCATALOG_COMPILER_GLOBAL_ACCENT_COLOR_NAME = AccentColor;
				CODE_SIGN_STYLE = Automatic;
				CURRENT_PROJECT_VERSION = 1;
				DEVELOPMENT_TEAM = 25XCUFMQUU;
				GENERATE_INFOPLIST_FILE = YES;
				INFOPLIST_FILE = AbstractionApp/Resources/Info.plist;
				INFOPLIST_KEY_UIApplicationSupportsIndirectInputEvents = YES;
				INFOPLIST_KEY_UILaunchStoryboardName = LaunchScreen;
				INFOPLIST_KEY_UISupportedInterfaceOrientations_iPad = "UIInterfaceOrientationPortrait UIInterfaceOrientationPortraitUpsideDown UIInterfaceOrientationLandscapeLeft UIInterfaceOrientationLandscapeRight";
				INFOPLIST_KEY_UISupportedInterfaceOrientations_iPhone = "UIInterfaceOrientationPortrait UIInterfaceOrientationLandscapeLeft UIInterfaceOrientationLandscapeRight";
				IPHONEOS_DEPLOYMENT_TARGET = 16.0;
				LD_RUNPATH_SEARCH_PATHS = (
					"$(inherited)",
					"@executable_path/Frameworks",
				);
				MARKETING_VERSION = 1.0;
				PRODUCT_BUNDLE_IDENTIFIER = br.com.alexandrebcardoso.AbstractionApp;
				PRODUCT_NAME = "$(TARGET_NAME)";
				SWIFT_EMIT_LOC_STRINGS = YES;
				SWIFT_VERSION = 5.0;
				TARGETED_DEVICE_FAMILY = "1,2";
			};
			name = Release;
		};
/* End XCBuildConfiguration section */

/* Begin XCConfigurationList section */
		BC420C1F2A435F09009D6E67 /* Build configuration list for PBXProject "AbstractionApp" */ = {
			isa = XCConfigurationList;
			buildConfigurations = (
				BC420C362A435F0A009D6E67 /* Debug */,
				BC420C372A435F0A009D6E67 /* Release */,
			);
			defaultConfigurationIsVisible = 0;
			defaultConfigurationName = Release;
		};
		BC420C382A435F0A009D6E67 /* Build configuration list for PBXNativeTarget "AbstractionApp" */ = {
			isa = XCConfigurationList;
			buildConfigurations = (
				BC420C392A435F0A009D6E67 /* Debug */,
				BC420C3A2A435F0A009D6E67 /* Release */,
			);
			defaultConfigurationIsVisible = 0;
			defaultConfigurationName = Release;
		};
/* End XCConfigurationList section */

/* Begin XCRemoteSwiftPackageReference section */
		BC420C522A43CDAC009D6E67 /* XCRemoteSwiftPackageReference "firebase-ios-sdk" */ = {
			isa = XCRemoteSwiftPackageReference;
			repositoryURL = "https://github.com/firebase/firebase-ios-sdk.git";
			requirement = {
				branch = master;
				kind = branch;
			};
		};
/* End XCRemoteSwiftPackageReference section */

/* Begin XCSwiftPackageProductDependency section */
		BC420C532A43CDAC009D6E67 /* FirebaseAuth */ = {
			isa = XCSwiftPackageProductDependency;
			package = BC420C522A43CDAC009D6E67 /* XCRemoteSwiftPackageReference "firebase-ios-sdk" */;
			productName = FirebaseAuth;
		};
/* End XCSwiftPackageProductDependency section */
	};
	rootObject = BC420C1C2A435F09009D6E67 /* Project object */;
}
